
Microsoft Visual Studio Solution File, Format Version 12.00
# Visual Studio Version 16
VisualStudioVersion = 16.0.30611.23
MinimumVisualStudioVersion = 10.0.40219.1
Project("{8BC9CEB8-8B4A-11D0-8D11-00A0C91BC942}") = "分数的四则运算", "分数的四则运算.vcxproj", "{F01890F7-AF53-45AF-969E-F54D7A814A79}"
EndProject
Global
	GlobalSection(SolutionConfigurationPlatforms) = preSolution
		Debug|x64 = Debug|x64
		Debug|x86 = Debug|x86
		Release|x64 = Release|x64
		Release|x86 = Release|x86
	EndGlobalSection
	GlobalSection(ProjectConfigurationPlatforms) = postSolution
		{F01890F7-AF53-45AF-969E-F54D7A814A79}.Debug|x64.ActiveCfg = Debug|x64
		{F01890F7-AF53-45AF-969E-F54D7A814A79}.Debug|x64.Build.0 = Debug|x64
		{F01890F7-AF53-45AF-969E-F54D7A814A79}.Debug|x86.ActiveCfg = Debug|Win32
		{F01890F7-AF53-45AF-969E-F54D7A814A79}.Debug|x86.Build.0 = Debug|Win32
		{F01890F7-AF53-45AF-969E-F54D7A814A79}.Release|x64.ActiveCfg = Release|x64
		{F01890F7-AF53-45AF-969E-F54D7A814A79}.Release|x64.Build.0 = Release|x64
		{F01890F7-AF53-45AF-969E-F54D7A814A79}.Release|x86.ActiveCfg = Release|Win32
		{F01890F7-AF53-45AF-969E-F54D7A814A79}.Release|x86.Build.0 = Release|Win32
	EndGlobalSection
	GlobalSection(SolutionProperties) = preSolution
		HideSolutionNode = FALSE
	EndGlobalSection
	GlobalSection(ExtensibilityGlobals) = postSolution
		SolutionGuid = {1A9A252D-39DF-4C6C-AF3F-FB02A3D3515C}
	EndGlobalSection
EndGlobal
