
Microsoft Visual Studio Solution File, Format Version 12.00
# Visual Studio Version 16
VisualStudioVersion = 16.0.30611.23
MinimumVisualStudioVersion = 10.0.40219.1
Project("{8BC9CEB8-8B4A-11D0-8D11-00A0C91BC942}") = "质因子分解", "质因子分解.vcxproj", "{0DF69409-357F-4FD9-BF54-1558A0195606}"
EndProject
Global
	GlobalSection(SolutionConfigurationPlatforms) = preSolution
		Debug|x64 = Debug|x64
		Debug|x86 = Debug|x86
		Release|x64 = Release|x64
		Release|x86 = Release|x86
	EndGlobalSection
	GlobalSection(ProjectConfigurationPlatforms) = postSolution
		{0DF69409-357F-4FD9-BF54-1558A0195606}.Debug|x64.ActiveCfg = Debug|x64
		{0DF69409-357F-4FD9-BF54-1558A0195606}.Debug|x64.Build.0 = Debug|x64
		{0DF69409-357F-4FD9-BF54-1558A0195606}.Debug|x86.ActiveCfg = Debug|Win32
		{0DF69409-357F-4FD9-BF54-1558A0195606}.Debug|x86.Build.0 = Debug|Win32
		{0DF69409-357F-4FD9-BF54-1558A0195606}.Release|x64.ActiveCfg = Release|x64
		{0DF69409-357F-4FD9-BF54-1558A0195606}.Release|x64.Build.0 = Release|x64
		{0DF69409-357F-4FD9-BF54-1558A0195606}.Release|x86.ActiveCfg = Release|Win32
		{0DF69409-357F-4FD9-BF54-1558A0195606}.Release|x86.Build.0 = Release|Win32
	EndGlobalSection
	GlobalSection(SolutionProperties) = preSolution
		HideSolutionNode = FALSE
	EndGlobalSection
	GlobalSection(ExtensibilityGlobals) = postSolution
		SolutionGuid = {B19AA6A3-7860-4663-B294-FD5EBF955FA5}
	EndGlobalSection
EndGlobal
