
Microsoft Visual Studio Solution File, Format Version 12.00
# Visual Studio Version 16
VisualStudioVersion = 16.0.30611.23
MinimumVisualStudioVersion = 10.0.40219.1
Project("{8BC9CEB8-8B4A-11D0-8D11-00A0C91BC942}") = "PAT B1013", "PAT B1013.vcxproj", "{C810DA9A-FB38-49EA-AA16-B898F40D7080}"
EndProject
Global
	GlobalSection(SolutionConfigurationPlatforms) = preSolution
		Debug|x64 = Debug|x64
		Debug|x86 = Debug|x86
		Release|x64 = Release|x64
		Release|x86 = Release|x86
	EndGlobalSection
	GlobalSection(ProjectConfigurationPlatforms) = postSolution
		{C810DA9A-FB38-49EA-AA16-B898F40D7080}.Debug|x64.ActiveCfg = Debug|x64
		{C810DA9A-FB38-49EA-AA16-B898F40D7080}.Debug|x64.Build.0 = Debug|x64
		{C810DA9A-FB38-49EA-AA16-B898F40D7080}.Debug|x86.ActiveCfg = Debug|Win32
		{C810DA9A-FB38-49EA-AA16-B898F40D7080}.Debug|x86.Build.0 = Debug|Win32
		{C810DA9A-FB38-49EA-AA16-B898F40D7080}.Release|x64.ActiveCfg = Release|x64
		{C810DA9A-FB38-49EA-AA16-B898F40D7080}.Release|x64.Build.0 = Release|x64
		{C810DA9A-FB38-49EA-AA16-B898F40D7080}.Release|x86.ActiveCfg = Release|Win32
		{C810DA9A-FB38-49EA-AA16-B898F40D7080}.Release|x86.Build.0 = Release|Win32
	EndGlobalSection
	GlobalSection(SolutionProperties) = preSolution
		HideSolutionNode = FALSE
	EndGlobalSection
	GlobalSection(ExtensibilityGlobals) = postSolution
		SolutionGuid = {D08D019E-8EFE-478F-8644-643377E83639}
	EndGlobalSection
EndGlobal
