
Microsoft Visual Studio Solution File, Format Version 12.00
# Visual Studio Version 16
VisualStudioVersion = 16.0.30611.23
MinimumVisualStudioVersion = 10.0.40219.1
Project("{8BC9CEB8-8B4A-11D0-8D11-00A0C91BC942}") = "DString Subtraction", "DString Subtraction.vcxproj", "{1AFEDD51-BF49-41F9-8EA6-DCBF7B46F53A}"
EndProject
Global
	GlobalSection(SolutionConfigurationPlatforms) = preSolution
		Debug|x64 = Debug|x64
		Debug|x86 = Debug|x86
		Release|x64 = Release|x64
		Release|x86 = Release|x86
	EndGlobalSection
	GlobalSection(ProjectConfigurationPlatforms) = postSolution
		{1AFEDD51-BF49-41F9-8EA6-DCBF7B46F53A}.Debug|x64.ActiveCfg = Debug|x64
		{1AFEDD51-BF49-41F9-8EA6-DCBF7B46F53A}.Debug|x64.Build.0 = Debug|x64
		{1AFEDD51-BF49-41F9-8EA6-DCBF7B46F53A}.Debug|x86.ActiveCfg = Debug|Win32
		{1AFEDD51-BF49-41F9-8EA6-DCBF7B46F53A}.Debug|x86.Build.0 = Debug|Win32
		{1AFEDD51-BF49-41F9-8EA6-DCBF7B46F53A}.Release|x64.ActiveCfg = Release|x64
		{1AFEDD51-BF49-41F9-8EA6-DCBF7B46F53A}.Release|x64.Build.0 = Release|x64
		{1AFEDD51-BF49-41F9-8EA6-DCBF7B46F53A}.Release|x86.ActiveCfg = Release|Win32
		{1AFEDD51-BF49-41F9-8EA6-DCBF7B46F53A}.Release|x86.Build.0 = Release|Win32
	EndGlobalSection
	GlobalSection(SolutionProperties) = preSolution
		HideSolutionNode = FALSE
	EndGlobalSection
	GlobalSection(ExtensibilityGlobals) = postSolution
		SolutionGuid = {B4302656-E5FE-4890-BDEE-742A034A0B82}
	EndGlobalSection
EndGlobal
